
Microsoft Visual Studio Solution File, Format Version 12.00
# Visual Studio 15
VisualStudioVersion = 15.0.28307.421
MinimumVisualStudioVersion = 10.0.40219.1
Project("{FAE04EC0-301F-11D3-BF4B-00C04F79EFBC}") = "DemoLoginNUnitPOM", "DemoLoginNUnitPOM\DemoLoginNUnitPOM.csproj", "{5DA97F49-D97D-4E17-80CD-99D8680727C8}"
EndProject
Global
	GlobalSection(SolutionConfigurationPlatforms) = preSolution
		Debug|Any CPU = Debug|Any CPU
		Release|Any CPU = Release|Any CPU
	EndGlobalSection
	GlobalSection(ProjectConfigurationPlatforms) = postSolution
		{5DA97F49-D97D-4E17-80CD-99D8680727C8}.Debug|Any CPU.ActiveCfg = Debug|Any CPU
		{5DA97F49-D97D-4E17-80CD-99D8680727C8}.Debug|Any CPU.Build.0 = Debug|Any CPU
		{5DA97F49-D97D-4E17-80CD-99D8680727C8}.Release|Any CPU.ActiveCfg = Release|Any CPU
		{5DA97F49-D97D-4E17-80CD-99D8680727C8}.Release|Any CPU.Build.0 = Release|Any CPU
	EndGlobalSection
	GlobalSection(SolutionProperties) = preSolution
		HideSolutionNode = FALSE
	EndGlobalSection
	GlobalSection(ExtensibilityGlobals) = postSolution
		SolutionGuid = {41A8A619-8635-4D3E-A2F3-6D355EADBCC3}
	EndGlobalSection
EndGlobal
